
Microsoft Visual Studio Solution File, Format Version 12.00
# Visual Studio Version 16
VisualStudioVersion = 16.0.31624.102
MinimumVisualStudioVersion = 10.0.40219.1
Project("{FAE04EC0-301F-11D3-BF4B-00C04F79EFBC}") = "algorithm design 1 mission 4 (the Matrix)", "algorithm design 1 mission 4 (the Matrix)\algorithm design 1 mission 4 (the Matrix).csproj", "{FE0A17D6-977E-414F-BBCE-FCAEF0A1BF31}"
EndProject
Global
	GlobalSection(SolutionConfigurationPlatforms) = preSolution
		Debug|Any CPU = Debug|Any CPU
		Release|Any CPU = Release|Any CPU
	EndGlobalSection
	GlobalSection(ProjectConfigurationPlatforms) = postSolution
		{FE0A17D6-977E-414F-BBCE-FCAEF0A1BF31}.Debug|Any CPU.ActiveCfg = Debug|Any CPU
		{FE0A17D6-977E-414F-BBCE-FCAEF0A1BF31}.Debug|Any CPU.Build.0 = Debug|Any CPU
		{FE0A17D6-977E-414F-BBCE-FCAEF0A1BF31}.Release|Any CPU.ActiveCfg = Release|Any CPU
		{FE0A17D6-977E-414F-BBCE-FCAEF0A1BF31}.Release|Any CPU.Build.0 = Release|Any CPU
	EndGlobalSection
	GlobalSection(SolutionProperties) = preSolution
		HideSolutionNode = FALSE
	EndGlobalSection
	GlobalSection(ExtensibilityGlobals) = postSolution
		SolutionGuid = {733957D4-8069-498D-8DCD-2478F5DB23E5}
	EndGlobalSection
EndGlobal
