
Microsoft Visual Studio Solution File, Format Version 12.00
# Visual Studio Version 16
VisualStudioVersion = 16.0.31624.102
MinimumVisualStudioVersion = 10.0.40219.1
Project("{FAE04EC0-301F-11D3-BF4B-00C04F79EFBC}") = "Algorithm design 1 mission 3", "Algorithm design 1 mission 3\Algorithm design 1 mission 3.csproj", "{278A3C02-6103-43CC-9B0A-ECC310F31C75}"
EndProject
Global
	GlobalSection(SolutionConfigurationPlatforms) = preSolution
		Debug|Any CPU = Debug|Any CPU
		Release|Any CPU = Release|Any CPU
	EndGlobalSection
	GlobalSection(ProjectConfigurationPlatforms) = postSolution
		{278A3C02-6103-43CC-9B0A-ECC310F31C75}.Debug|Any CPU.ActiveCfg = Debug|Any CPU
		{278A3C02-6103-43CC-9B0A-ECC310F31C75}.Debug|Any CPU.Build.0 = Debug|Any CPU
		{278A3C02-6103-43CC-9B0A-ECC310F31C75}.Release|Any CPU.ActiveCfg = Release|Any CPU
		{278A3C02-6103-43CC-9B0A-ECC310F31C75}.Release|Any CPU.Build.0 = Release|Any CPU
	EndGlobalSection
	GlobalSection(SolutionProperties) = preSolution
		HideSolutionNode = FALSE
	EndGlobalSection
	GlobalSection(ExtensibilityGlobals) = postSolution
		SolutionGuid = {76DF7944-3707-467E-8A94-1FD6C0368B1D}
	EndGlobalSection
EndGlobal
