
Microsoft Visual Studio Solution File, Format Version 12.00
# Visual Studio Version 16
VisualStudioVersion = 16.0.31702.278
MinimumVisualStudioVersion = 10.0.40219.1
Project("{FAE04EC0-301F-11D3-BF4B-00C04F79EFBC}") = "Enums", "Enums\Enums.csproj", "{C68C9BF1-628F-43F6-81D8-4BED60F85EE4}"
EndProject
Global
	GlobalSection(SolutionConfigurationPlatforms) = preSolution
		Debug|Any CPU = Debug|Any CPU
		Release|Any CPU = Release|Any CPU
	EndGlobalSection
	GlobalSection(ProjectConfigurationPlatforms) = postSolution
		{C68C9BF1-628F-43F6-81D8-4BED60F85EE4}.Debug|Any CPU.ActiveCfg = Debug|Any CPU
		{C68C9BF1-628F-43F6-81D8-4BED60F85EE4}.Debug|Any CPU.Build.0 = Debug|Any CPU
		{C68C9BF1-628F-43F6-81D8-4BED60F85EE4}.Release|Any CPU.ActiveCfg = Release|Any CPU
		{C68C9BF1-628F-43F6-81D8-4BED60F85EE4}.Release|Any CPU.Build.0 = Release|Any CPU
	EndGlobalSection
	GlobalSection(SolutionProperties) = preSolution
		HideSolutionNode = FALSE
	EndGlobalSection
	GlobalSection(ExtensibilityGlobals) = postSolution
		SolutionGuid = {23961A7B-DCBE-439D-9AF8-F737524B2B51}
	EndGlobalSection
EndGlobal
