
Microsoft Visual Studio Solution File, Format Version 12.00
# Visual Studio Version 16
VisualStudioVersion = 16.0.31613.86
MinimumVisualStudioVersion = 10.0.40219.1
Project("{FAE04EC0-301F-11D3-BF4B-00C04F79EFBC}") = "Basilisk RPG", "Basilisk RPG\Basilisk RPG.csproj", "{B8A642AD-9A69-4BF0-813E-C23E4604292B}"
EndProject
Global
	GlobalSection(SolutionConfigurationPlatforms) = preSolution
		Debug|Any CPU = Debug|Any CPU
		Release|Any CPU = Release|Any CPU
	EndGlobalSection
	GlobalSection(ProjectConfigurationPlatforms) = postSolution
		{B8A642AD-9A69-4BF0-813E-C23E4604292B}.Debug|Any CPU.ActiveCfg = Debug|Any CPU
		{B8A642AD-9A69-4BF0-813E-C23E4604292B}.Debug|Any CPU.Build.0 = Debug|Any CPU
		{B8A642AD-9A69-4BF0-813E-C23E4604292B}.Release|Any CPU.ActiveCfg = Release|Any CPU
		{B8A642AD-9A69-4BF0-813E-C23E4604292B}.Release|Any CPU.Build.0 = Release|Any CPU
	EndGlobalSection
	GlobalSection(SolutionProperties) = preSolution
		HideSolutionNode = FALSE
	EndGlobalSection
	GlobalSection(ExtensibilityGlobals) = postSolution
		SolutionGuid = {F15CD905-85EC-4F75-99E0-77B91C9EBCE7}
	EndGlobalSection
EndGlobal
